
Microsoft Visual Studio Solution File, Format Version 12.00
Project("{FAE04EC0-301F-11D3-BF4B-00C04F79EFBC}") = "FortyAu.Dotnet.Idp", "FortyAu.Dotnet.Idp\FortyAu.Dotnet.Idp.csproj", "{CDFC696E-5538-40CD-8E99-5F9A43FA3B15}"
EndProject
Global
	GlobalSection(SolutionConfigurationPlatforms) = preSolution
		Debug|Any CPU = Debug|Any CPU
		Release|Any CPU = Release|Any CPU
	EndGlobalSection
	GlobalSection(ProjectConfigurationPlatforms) = postSolution
		{CDFC696E-5538-40CD-8E99-5F9A43FA3B15}.Debug|Any CPU.ActiveCfg = Debug|Any CPU
		{CDFC696E-5538-40CD-8E99-5F9A43FA3B15}.Debug|Any CPU.Build.0 = Debug|Any CPU
		{CDFC696E-5538-40CD-8E99-5F9A43FA3B15}.Release|Any CPU.ActiveCfg = Release|Any CPU
		{CDFC696E-5538-40CD-8E99-5F9A43FA3B15}.Release|Any CPU.Build.0 = Release|Any CPU
	EndGlobalSection
EndGlobal
